
Microsoft Visual Studio Solution File, Format Version 12.00
# Visual Studio Version 17
VisualStudioVersion = 17.9.34728.123
MinimumVisualStudioVersion = 10.0.40219.1
Project("{9A19103F-16F7-4668-BE54-9A1E7A4F7556}") = "ImageConverter", "ImageConverter\ImageConverter.csproj", "{7BA52D3C-3EA7-4D82-85EE-7AD84FEC29EF}"
EndProject
Global
	GlobalSection(SolutionConfigurationPlatforms) = preSolution
		Debug|Any CPU = Debug|Any CPU
		Release|Any CPU = Release|Any CPU
	EndGlobalSection
	GlobalSection(ProjectConfigurationPlatforms) = postSolution
		{7BA52D3C-3EA7-4D82-85EE-7AD84FEC29EF}.Debug|Any CPU.ActiveCfg = Debug|Any CPU
		{7BA52D3C-3EA7-4D82-85EE-7AD84FEC29EF}.Debug|Any CPU.Build.0 = Debug|Any CPU
		{7BA52D3C-3EA7-4D82-85EE-7AD84FEC29EF}.Release|Any CPU.ActiveCfg = Release|Any CPU
		{7BA52D3C-3EA7-4D82-85EE-7AD84FEC29EF}.Release|Any CPU.Build.0 = Release|Any CPU
	EndGlobalSection
	GlobalSection(SolutionProperties) = preSolution
		HideSolutionNode = FALSE
	EndGlobalSection
	GlobalSection(ExtensibilityGlobals) = postSolution
		SolutionGuid = {63340ABA-B709-4A1D-9A06-A376D664A50C}
	EndGlobalSection
EndGlobal
